
Microsoft Visual Studio Solution File, Format Version 12.00
# Visual Studio Version 17
VisualStudioVersion = 17.11.35312.102
MinimumVisualStudioVersion = 10.0.40219.1
Project("{FAE04EC0-301F-11D3-BF4B-00C04F79EFBC}") = "Grupo_05_Calculadora", "Grupo_05_Calculadora\Grupo_05_Calculadora.csproj", "{911DF959-6733-4D64-A174-AED5F0773A96}"
EndProject
Global
	GlobalSection(SolutionConfigurationPlatforms) = preSolution
		Debug|Any CPU = Debug|Any CPU
		Release|Any CPU = Release|Any CPU
	EndGlobalSection
	GlobalSection(ProjectConfigurationPlatforms) = postSolution
		{911DF959-6733-4D64-A174-AED5F0773A96}.Debug|Any CPU.ActiveCfg = Debug|Any CPU
		{911DF959-6733-4D64-A174-AED5F0773A96}.Debug|Any CPU.Build.0 = Debug|Any CPU
		{911DF959-6733-4D64-A174-AED5F0773A96}.Release|Any CPU.ActiveCfg = Release|Any CPU
		{911DF959-6733-4D64-A174-AED5F0773A96}.Release|Any CPU.Build.0 = Release|Any CPU
	EndGlobalSection
	GlobalSection(SolutionProperties) = preSolution
		HideSolutionNode = FALSE
	EndGlobalSection
	GlobalSection(ExtensibilityGlobals) = postSolution
		SolutionGuid = {2B4EB32F-EB95-4AF9-BBFE-6CCF28C1701C}
	EndGlobalSection
EndGlobal
